
Microsoft Visual Studio Solution File, Format Version 12.00
# Visual Studio Version 17
VisualStudioVersion = 17.0.31903.59
MinimumVisualStudioVersion = 10.0.40219.1
Project("{FAE04EC0-301F-11D3-BF4B-00C04F79EFBC}") = "BlackDesertRu.Bot", "BlackDesertRu.Bot\BlackDesertRu.Bot.csproj", "{A5E8DCBA-2709-4D83-8B1C-1B1B8795D590}"
EndProject
Project("{FAE04EC0-301F-11D3-BF4B-00C04F79EFBC}") = "BlackDesertRu.Bot.Data", "BlackDesertRu.Bot.Data\BlackDesertRu.Bot.Data.csproj", "{4D2E2558-B276-41A4-8483-F81D1290E1D6}"
EndProject
Global
	GlobalSection(SolutionConfigurationPlatforms) = preSolution
		Debug|Any CPU = Debug|Any CPU
		Release|Any CPU = Release|Any CPU
	EndGlobalSection
	GlobalSection(SolutionProperties) = preSolution
		HideSolutionNode = FALSE
	EndGlobalSection
	GlobalSection(ProjectConfigurationPlatforms) = postSolution
		{A5E8DCBA-2709-4D83-8B1C-1B1B8795D590}.Debug|Any CPU.ActiveCfg = Debug|Any CPU
		{A5E8DCBA-2709-4D83-8B1C-1B1B8795D590}.Debug|Any CPU.Build.0 = Debug|Any CPU
		{A5E8DCBA-2709-4D83-8B1C-1B1B8795D590}.Release|Any CPU.ActiveCfg = Release|Any CPU
		{A5E8DCBA-2709-4D83-8B1C-1B1B8795D590}.Release|Any CPU.Build.0 = Release|Any CPU
		{4D2E2558-B276-41A4-8483-F81D1290E1D6}.Debug|Any CPU.ActiveCfg = Debug|Any CPU
		{4D2E2558-B276-41A4-8483-F81D1290E1D6}.Debug|Any CPU.Build.0 = Debug|Any CPU
		{4D2E2558-B276-41A4-8483-F81D1290E1D6}.Release|Any CPU.ActiveCfg = Release|Any CPU
		{4D2E2558-B276-41A4-8483-F81D1290E1D6}.Release|Any CPU.Build.0 = Release|Any CPU
	EndGlobalSection
EndGlobal
